
Microsoft Visual Studio Solution File, Format Version 12.00
# Visual Studio 15
VisualStudioVersion = 15.0.27703.2042
MinimumVisualStudioVersion = 10.0.40219.1
Project("{C7167F0D-BC9F-4E6E-AFE1-012C56B48DB5}") = "UWCBridge", "UWCBridge\UWCBridge.wapproj", "{AB28FE8D-9FE3-4B74-9D2E-FC126E4FEA51}"
EndProject
Project("{FAE04EC0-301F-11D3-BF4B-00C04F79EFBC}") = "UWCBridge.UWP", "UWCBridge.UWP\UWCBridge.UWP.csproj", "{4F9C1CAD-3BB4-4B8C-87B6-ACB295351B6C}"
EndProject
Project("{FAE04EC0-301F-11D3-BF4B-00C04F79EFBC}") = "UWCBridge.WPF", "UWCBridge.WPF\UWCBridge.WPF.csproj", "{E0E351BC-9465-4749-A903-B8D89D17C9D6}"
EndProject
Project("{9A19103F-16F7-4668-BE54-9A1E7A4F7556}") = "UWCBridgeServer", "UWCBridgeServer\UWCBridgeServer.csproj", "{02CB56AE-BD97-49CF-97AE-1116FD60CF22}"
EndProject
Project("{D954291E-2A0B-460D-934E-DC6B0785DB48}") = "UWPBridge.Shared", "UWPBridge.Shared\UWPBridge.Shared.shproj", "{FFF37043-E228-4218-B442-21690CC8EE97}"
EndProject
Global
	GlobalSection(SharedMSBuildProjectFiles) = preSolution
		UWPBridge.Shared\UWPBridge.Shared.projitems*{fff37043-e228-4218-b442-21690cc8ee97}*SharedItemsImports = 13
	EndGlobalSection
	GlobalSection(SolutionConfigurationPlatforms) = preSolution
		Debug|Any CPU = Debug|Any CPU
		Debug|ARM = Debug|ARM
		Debug|x64 = Debug|x64
		Debug|x86 = Debug|x86
		Release|Any CPU = Release|Any CPU
		Release|ARM = Release|ARM
		Release|x64 = Release|x64
		Release|x86 = Release|x86
	EndGlobalSection
	GlobalSection(ProjectConfigurationPlatforms) = postSolution
		{AB28FE8D-9FE3-4B74-9D2E-FC126E4FEA51}.Debug|Any CPU.ActiveCfg = Debug|Any CPU
		{AB28FE8D-9FE3-4B74-9D2E-FC126E4FEA51}.Debug|Any CPU.Build.0 = Debug|Any CPU
		{AB28FE8D-9FE3-4B74-9D2E-FC126E4FEA51}.Debug|Any CPU.Deploy.0 = Debug|Any CPU
		{AB28FE8D-9FE3-4B74-9D2E-FC126E4FEA51}.Debug|ARM.ActiveCfg = Debug|Any CPU
		{AB28FE8D-9FE3-4B74-9D2E-FC126E4FEA51}.Debug|ARM.Build.0 = Debug|Any CPU
		{AB28FE8D-9FE3-4B74-9D2E-FC126E4FEA51}.Debug|ARM.Deploy.0 = Debug|Any CPU
		{AB28FE8D-9FE3-4B74-9D2E-FC126E4FEA51}.Debug|x64.ActiveCfg = Debug|x64
		{AB28FE8D-9FE3-4B74-9D2E-FC126E4FEA51}.Debug|x64.Build.0 = Debug|x64
		{AB28FE8D-9FE3-4B74-9D2E-FC126E4FEA51}.Debug|x64.Deploy.0 = Debug|x64
		{AB28FE8D-9FE3-4B74-9D2E-FC126E4FEA51}.Debug|x86.ActiveCfg = Debug|x86
		{AB28FE8D-9FE3-4B74-9D2E-FC126E4FEA51}.Debug|x86.Build.0 = Debug|x86
		{AB28FE8D-9FE3-4B74-9D2E-FC126E4FEA51}.Debug|x86.Deploy.0 = Debug|x86
		{AB28FE8D-9FE3-4B74-9D2E-FC126E4FEA51}.Release|Any CPU.ActiveCfg = Release|Any CPU
		{AB28FE8D-9FE3-4B74-9D2E-FC126E4FEA51}.Release|Any CPU.Build.0 = Release|Any CPU
		{AB28FE8D-9FE3-4B74-9D2E-FC126E4FEA51}.Release|Any CPU.Deploy.0 = Release|Any CPU
		{AB28FE8D-9FE3-4B74-9D2E-FC126E4FEA51}.Release|ARM.ActiveCfg = Release|Any CPU
		{AB28FE8D-9FE3-4B74-9D2E-FC126E4FEA51}.Release|ARM.Build.0 = Release|Any CPU
		{AB28FE8D-9FE3-4B74-9D2E-FC126E4FEA51}.Release|ARM.Deploy.0 = Release|Any CPU
		{AB28FE8D-9FE3-4B74-9D2E-FC126E4FEA51}.Release|x64.ActiveCfg = Release|x64
		{AB28FE8D-9FE3-4B74-9D2E-FC126E4FEA51}.Release|x64.Build.0 = Release|x64
		{AB28FE8D-9FE3-4B74-9D2E-FC126E4FEA51}.Release|x64.Deploy.0 = Release|x64
		{AB28FE8D-9FE3-4B74-9D2E-FC126E4FEA51}.Release|x86.ActiveCfg = Release|x86
		{AB28FE8D-9FE3-4B74-9D2E-FC126E4FEA51}.Release|x86.Build.0 = Release|x86
		{AB28FE8D-9FE3-4B74-9D2E-FC126E4FEA51}.Release|x86.Deploy.0 = Release|x86
		{4F9C1CAD-3BB4-4B8C-87B6-ACB295351B6C}.Debug|Any CPU.ActiveCfg = Debug|x86
		{4F9C1CAD-3BB4-4B8C-87B6-ACB295351B6C}.Debug|ARM.ActiveCfg = Debug|ARM
		{4F9C1CAD-3BB4-4B8C-87B6-ACB295351B6C}.Debug|ARM.Build.0 = Debug|ARM
		{4F9C1CAD-3BB4-4B8C-87B6-ACB295351B6C}.Debug|ARM.Deploy.0 = Debug|ARM
		{4F9C1CAD-3BB4-4B8C-87B6-ACB295351B6C}.Debug|x64.ActiveCfg = Debug|x64
		{4F9C1CAD-3BB4-4B8C-87B6-ACB295351B6C}.Debug|x64.Build.0 = Debug|x64
		{4F9C1CAD-3BB4-4B8C-87B6-ACB295351B6C}.Debug|x64.Deploy.0 = Debug|x64
		{4F9C1CAD-3BB4-4B8C-87B6-ACB295351B6C}.Debug|x86.ActiveCfg = Debug|x86
		{4F9C1CAD-3BB4-4B8C-87B6-ACB295351B6C}.Debug|x86.Build.0 = Debug|x86
		{4F9C1CAD-3BB4-4B8C-87B6-ACB295351B6C}.Debug|x86.Deploy.0 = Debug|x86
		{4F9C1CAD-3BB4-4B8C-87B6-ACB295351B6C}.Release|Any CPU.ActiveCfg = Release|x86
		{4F9C1CAD-3BB4-4B8C-87B6-ACB295351B6C}.Release|ARM.ActiveCfg = Release|ARM
		{4F9C1CAD-3BB4-4B8C-87B6-ACB295351B6C}.Release|ARM.Build.0 = Release|ARM
		{4F9C1CAD-3BB4-4B8C-87B6-ACB295351B6C}.Release|ARM.Deploy.0 = Release|ARM
		{4F9C1CAD-3BB4-4B8C-87B6-ACB295351B6C}.Release|x64.ActiveCfg = Release|x64
		{4F9C1CAD-3BB4-4B8C-87B6-ACB295351B6C}.Release|x64.Build.0 = Release|x64
		{4F9C1CAD-3BB4-4B8C-87B6-ACB295351B6C}.Release|x64.Deploy.0 = Release|x64
		{4F9C1CAD-3BB4-4B8C-87B6-ACB295351B6C}.Release|x86.ActiveCfg = Release|x86
		{4F9C1CAD-3BB4-4B8C-87B6-ACB295351B6C}.Release|x86.Build.0 = Release|x86
		{4F9C1CAD-3BB4-4B8C-87B6-ACB295351B6C}.Release|x86.Deploy.0 = Release|x86
		{E0E351BC-9465-4749-A903-B8D89D17C9D6}.Debug|Any CPU.ActiveCfg = Debug|Any CPU
		{E0E351BC-9465-4749-A903-B8D89D17C9D6}.Debug|Any CPU.Build.0 = Debug|Any CPU
		{E0E351BC-9465-4749-A903-B8D89D17C9D6}.Debug|ARM.ActiveCfg = Debug|Any CPU
		{E0E351BC-9465-4749-A903-B8D89D17C9D6}.Debug|ARM.Build.0 = Debug|Any CPU
		{E0E351BC-9465-4749-A903-B8D89D17C9D6}.Debug|x64.ActiveCfg = Debug|Any CPU
		{E0E351BC-9465-4749-A903-B8D89D17C9D6}.Debug|x64.Build.0 = Debug|Any CPU
		{E0E351BC-9465-4749-A903-B8D89D17C9D6}.Debug|x86.ActiveCfg = Debug|Any CPU
		{E0E351BC-9465-4749-A903-B8D89D17C9D6}.Debug|x86.Build.0 = Debug|Any CPU
		{E0E351BC-9465-4749-A903-B8D89D17C9D6}.Release|Any CPU.ActiveCfg = Release|Any CPU
		{E0E351BC-9465-4749-A903-B8D89D17C9D6}.Release|Any CPU.Build.0 = Release|Any CPU
		{E0E351BC-9465-4749-A903-B8D89D17C9D6}.Release|ARM.ActiveCfg = Release|Any CPU
		{E0E351BC-9465-4749-A903-B8D89D17C9D6}.Release|ARM.Build.0 = Release|Any CPU
		{E0E351BC-9465-4749-A903-B8D89D17C9D6}.Release|x64.ActiveCfg = Release|Any CPU
		{E0E351BC-9465-4749-A903-B8D89D17C9D6}.Release|x64.Build.0 = Release|Any CPU
		{E0E351BC-9465-4749-A903-B8D89D17C9D6}.Release|x86.ActiveCfg = Release|Any CPU
		{E0E351BC-9465-4749-A903-B8D89D17C9D6}.Release|x86.Build.0 = Release|Any CPU
		{02CB56AE-BD97-49CF-97AE-1116FD60CF22}.Debug|Any CPU.ActiveCfg = Debug|Any CPU
		{02CB56AE-BD97-49CF-97AE-1116FD60CF22}.Debug|Any CPU.Build.0 = Debug|Any CPU
		{02CB56AE-BD97-49CF-97AE-1116FD60CF22}.Debug|ARM.ActiveCfg = Debug|Any CPU
		{02CB56AE-BD97-49CF-97AE-1116FD60CF22}.Debug|ARM.Build.0 = Debug|Any CPU
		{02CB56AE-BD97-49CF-97AE-1116FD60CF22}.Debug|x64.ActiveCfg = Debug|Any CPU
		{02CB56AE-BD97-49CF-97AE-1116FD60CF22}.Debug|x64.Build.0 = Debug|Any CPU
		{02CB56AE-BD97-49CF-97AE-1116FD60CF22}.Debug|x86.ActiveCfg = Debug|Any CPU
		{02CB56AE-BD97-49CF-97AE-1116FD60CF22}.Debug|x86.Build.0 = Debug|Any CPU
		{02CB56AE-BD97-49CF-97AE-1116FD60CF22}.Release|Any CPU.ActiveCfg = Release|Any CPU
		{02CB56AE-BD97-49CF-97AE-1116FD60CF22}.Release|Any CPU.Build.0 = Release|Any CPU
		{02CB56AE-BD97-49CF-97AE-1116FD60CF22}.Release|ARM.ActiveCfg = Release|Any CPU
		{02CB56AE-BD97-49CF-97AE-1116FD60CF22}.Release|ARM.Build.0 = Release|Any CPU
		{02CB56AE-BD97-49CF-97AE-1116FD60CF22}.Release|x64.ActiveCfg = Release|Any CPU
		{02CB56AE-BD97-49CF-97AE-1116FD60CF22}.Release|x64.Build.0 = Release|Any CPU
		{02CB56AE-BD97-49CF-97AE-1116FD60CF22}.Release|x86.ActiveCfg = Release|Any CPU
		{02CB56AE-BD97-49CF-97AE-1116FD60CF22}.Release|x86.Build.0 = Release|Any CPU
	EndGlobalSection
	GlobalSection(SolutionProperties) = preSolution
		HideSolutionNode = FALSE
	EndGlobalSection
	GlobalSection(ExtensibilityGlobals) = postSolution
		SolutionGuid = {CA6F8C5A-3288-4F22-82F9-0837BB68461C}
	EndGlobalSection
EndGlobal
